{
  "name": "uView",
  "version": "1.0.0",
  "lockfileVersion": 1,
  "requires": true,
  "dependencies": {
    "@maptalks/feature-filter": {
      "version": "1.0.0",
      "resolved": "https://registry.npm.taobao.org/@maptalks/feature-filter/download/@maptalks/feature-filter-1.0.0.tgz",
      "integrity": "sha1-v8x/cF5t5cbD04AqO1CBJyyHf8g="
    },
    "@maptalks/function-type": {
      "version": "1.2.3",
      "resolved": "https://registry.npm.taobao.org/@maptalks/function-type/download/@maptalks/function-type-1.2.3.tgz",
      "integrity": "sha1-L1wzsJWvRSxycCaAG/FJb/eP53c="
    },
    "axios": {
      "version": "0.21.0",
      "resolved": "https://registry.npm.taobao.org/axios/download/axios-0.21.0.tgz?cache=0&sync_timestamp=1603470451980&other_urls=https%3A%2F%2Fregistry.npm.taobao.org%2Faxios%2Fdownload%2Faxios-0.21.0.tgz",
      "integrity": "sha1-Jt8IiAOiNQ3/LCf5b++Z/klEKso=",
      "requires": {
        "follow-redirects": "^1.10.0"
      }
    },
    "follow-redirects": {
      "version": "1.13.0",
      "resolved": "https://registry.npm.taobao.org/follow-redirects/download/follow-redirects-1.13.0.tgz?cache=0&sync_timestamp=1597057997789&other_urls=https%3A%2F%2Fregistry.npm.taobao.org%2Ffollow-redirects%2Fdownload%2Ffollow-redirects-1.13.0.tgz",
      "integrity": "sha1-tC6Nk6Kn7qXtiGM2dtZZe8jjhNs="
    },
    "frustum-intersects": {
      "version": "0.1.0",
      "resolved": "https://registry.npm.taobao.org/frustum-intersects/download/frustum-intersects-0.1.0.tgz",
      "integrity": "sha1-0dFECZpA2MUWi2KsyDcxQ09fpwk="
    },
    "maptalks": {
      "version": "0.49.1",
      "resolved": "https://registry.npm.taobao.org/maptalks/download/maptalks-0.49.1.tgz?cache=0&sync_timestamp=1606814237737&other_urls=https%3A%2F%2Fregistry.npm.taobao.org%2Fmaptalks%2Fdownload%2Fmaptalks-0.49.1.tgz",
      "integrity": "sha1-dGorTqcdMPv7dZQl0Bjkc6Cs2k0=",
      "requires": {
        "@maptalks/feature-filter": "^1.0.0",
        "@maptalks/function-type": "^1.2.3",
        "frustum-intersects": "^0.1.0",
        "simplify-js": "^1.2.1",
        "zousan": "^2.3.3"
      }
    },
    "qs": {
      "version": "6.9.4",
      "resolved": "https://registry.npm.taobao.org/qs/download/qs-6.9.4.tgz",
      "integrity": "sha1-kJCykNH5FyjTwi5UhDykSupatoc="
    },
    "simplify-js": {
      "version": "1.2.4",
      "resolved": "https://registry.npm.taobao.org/simplify-js/download/simplify-js-1.2.4.tgz",
      "integrity": "sha1-eqsi1t9Uf/1A7wdhzNgrdSh9Rcc="
    },
    "url-search-params-polyfill": {
      "version": "8.1.0",
      "resolved": "https://registry.npm.taobao.org/url-search-params-polyfill/download/url-search-params-polyfill-8.1.0.tgz",
      "integrity": "sha1-XBW2locWW/1PbH2KFh1w2FOFiFs="
    },
    "vue-i18n": {
      "version": "8.20.0",
      "resolved": "https://registry.npmjs.org/vue-i18n/-/vue-i18n-8.20.0.tgz",
      "integrity": "sha512-ZiAOoeR4d/JtKpbjipx3I80ey7cYG1ki5gQ7HwzWm4YFio9brA15BEYHjalEoBaEfzF5OBEZP+Y2MvAaWnyXXg=="
    },
    "zousan": {
      "version": "2.5.1",
      "resolved": "https://registry.npm.taobao.org/zousan/download/zousan-2.5.1.tgz",
      "integrity": "sha1-UUqKrTy7pBL7WaTg66/91y4t1MY="
    }
  }
}
